
Microsoft Visual Studio Solution File, Format Version 12.00
# Visual Studio Version 16
VisualStudioVersion = 16.0.30204.135
MinimumVisualStudioVersion = 10.0.40219.1
Project("{FAE04EC0-301F-11D3-BF4B-00C04F79EFBC}") = "KavisWeb", "KavisWeb\KavisWeb.csproj", "{D96048F7-9819-4BC5-87F7-43F114C7DEE8}"
EndProject
Project("{FAE04EC0-301F-11D3-BF4B-00C04F79EFBC}") = "Core", "Core\Core.csproj", "{9C56584A-2EB8-458D-9282-1CEE9F43855F}"
EndProject
Project("{2150E333-8FDC-42A3-9474-1A3956D46DE8}") = "Solution Items", "Solution Items", "{C7EB1AFB-7EE4-4E4E-BD67-E0E8A5A3440F}"
	ProjectSection(SolutionItems) = preProject
		Readme.rm = Readme.rm
		..\..\..\Downloads\usecasediagram.png = ..\..\..\Downloads\usecasediagram.png
	EndProjectSection
EndProject
Global
	GlobalSection(SolutionConfigurationPlatforms) = preSolution
		Debug|Any CPU = Debug|Any CPU
		Release|Any CPU = Release|Any CPU
	EndGlobalSection
	GlobalSection(ProjectConfigurationPlatforms) = postSolution
		{D96048F7-9819-4BC5-87F7-43F114C7DEE8}.Debug|Any CPU.ActiveCfg = Debug|Any CPU
		{D96048F7-9819-4BC5-87F7-43F114C7DEE8}.Debug|Any CPU.Build.0 = Debug|Any CPU
		{D96048F7-9819-4BC5-87F7-43F114C7DEE8}.Release|Any CPU.ActiveCfg = Release|Any CPU
		{D96048F7-9819-4BC5-87F7-43F114C7DEE8}.Release|Any CPU.Build.0 = Release|Any CPU
		{9C56584A-2EB8-458D-9282-1CEE9F43855F}.Debug|Any CPU.ActiveCfg = Debug|Any CPU
		{9C56584A-2EB8-458D-9282-1CEE9F43855F}.Debug|Any CPU.Build.0 = Debug|Any CPU
		{9C56584A-2EB8-458D-9282-1CEE9F43855F}.Release|Any CPU.ActiveCfg = Release|Any CPU
		{9C56584A-2EB8-458D-9282-1CEE9F43855F}.Release|Any CPU.Build.0 = Release|Any CPU
	EndGlobalSection
	GlobalSection(SolutionProperties) = preSolution
		HideSolutionNode = FALSE
	EndGlobalSection
	GlobalSection(ExtensibilityGlobals) = postSolution
		SolutionGuid = {E0B13D23-1CBF-4D09-81F3-BD72E2920505}
	EndGlobalSection
EndGlobal
